
Microsoft Visual Studio Solution File, Format Version 12.00
# Visual Studio 14
VisualStudioVersion = 14.0.23107.0
MinimumVisualStudioVersion = 10.0.40219.1
Project("{FAE04EC0-301F-11D3-BF4B-00C04F79EFBC}") = "SeleniumShield", "SeleniumShield\SeleniumShield.csproj", "{EDD05FB6-BC24-4A79-A7A6-9511CD2E59AF}"
EndProject
Project("{FAE04EC0-301F-11D3-BF4B-00C04F79EFBC}") = "SeleniumShield.Tests", "SeleniumShield.Tests\SeleniumShield.Tests.csproj", "{329EBF7F-DE22-44AA-8288-2934214FD7AB}"
EndProject
Project("{FAE04EC0-301F-11D3-BF4B-00C04F79EFBC}") = "SeleniumShield.UIRunner", "SeleniumShield.UIRunner\SeleniumShield.UIRunner.csproj", "{68F444F6-9D31-418A-8E95-61947CAC67D4}"
EndProject
Global
	GlobalSection(SolutionConfigurationPlatforms) = preSolution
		Debug|Any CPU = Debug|Any CPU
		Debug|x86 = Debug|x86
		Release|Any CPU = Release|Any CPU
		Release|x86 = Release|x86
	EndGlobalSection
	GlobalSection(ProjectConfigurationPlatforms) = postSolution
		{EDD05FB6-BC24-4A79-A7A6-9511CD2E59AF}.Debug|Any CPU.ActiveCfg = Debug|Any CPU
		{EDD05FB6-BC24-4A79-A7A6-9511CD2E59AF}.Debug|Any CPU.Build.0 = Debug|Any CPU
		{EDD05FB6-BC24-4A79-A7A6-9511CD2E59AF}.Debug|x86.ActiveCfg = Debug|Any CPU
		{EDD05FB6-BC24-4A79-A7A6-9511CD2E59AF}.Debug|x86.Build.0 = Debug|Any CPU
		{EDD05FB6-BC24-4A79-A7A6-9511CD2E59AF}.Release|Any CPU.ActiveCfg = Release|Any CPU
		{EDD05FB6-BC24-4A79-A7A6-9511CD2E59AF}.Release|Any CPU.Build.0 = Release|Any CPU
		{EDD05FB6-BC24-4A79-A7A6-9511CD2E59AF}.Release|x86.ActiveCfg = Release|Any CPU
		{EDD05FB6-BC24-4A79-A7A6-9511CD2E59AF}.Release|x86.Build.0 = Release|Any CPU
		{329EBF7F-DE22-44AA-8288-2934214FD7AB}.Debug|Any CPU.ActiveCfg = Debug|Any CPU
		{329EBF7F-DE22-44AA-8288-2934214FD7AB}.Debug|Any CPU.Build.0 = Debug|Any CPU
		{329EBF7F-DE22-44AA-8288-2934214FD7AB}.Debug|x86.ActiveCfg = Debug|Any CPU
		{329EBF7F-DE22-44AA-8288-2934214FD7AB}.Debug|x86.Build.0 = Debug|Any CPU
		{329EBF7F-DE22-44AA-8288-2934214FD7AB}.Release|Any CPU.ActiveCfg = Release|Any CPU
		{329EBF7F-DE22-44AA-8288-2934214FD7AB}.Release|Any CPU.Build.0 = Release|Any CPU
		{329EBF7F-DE22-44AA-8288-2934214FD7AB}.Release|x86.ActiveCfg = Release|Any CPU
		{329EBF7F-DE22-44AA-8288-2934214FD7AB}.Release|x86.Build.0 = Release|Any CPU
		{68F444F6-9D31-418A-8E95-61947CAC67D4}.Debug|Any CPU.ActiveCfg = Debug|Any CPU
		{68F444F6-9D31-418A-8E95-61947CAC67D4}.Debug|Any CPU.Build.0 = Debug|Any CPU
		{68F444F6-9D31-418A-8E95-61947CAC67D4}.Debug|x86.ActiveCfg = Debug|x86
		{68F444F6-9D31-418A-8E95-61947CAC67D4}.Debug|x86.Build.0 = Debug|x86
		{68F444F6-9D31-418A-8E95-61947CAC67D4}.Release|Any CPU.ActiveCfg = Release|Any CPU
		{68F444F6-9D31-418A-8E95-61947CAC67D4}.Release|Any CPU.Build.0 = Release|Any CPU
		{68F444F6-9D31-418A-8E95-61947CAC67D4}.Release|x86.ActiveCfg = Release|x86
		{68F444F6-9D31-418A-8E95-61947CAC67D4}.Release|x86.Build.0 = Release|x86
	EndGlobalSection
	GlobalSection(SolutionProperties) = preSolution
		HideSolutionNode = FALSE
	EndGlobalSection
EndGlobal
